
Microsoft Visual Studio Solution File, Format Version 12.00
# Visual Studio Version 16
VisualStudioVersion = 16.0.33423.256
MinimumVisualStudioVersion = 10.0.40219.1
Project("{FAE04EC0-301F-11D3-BF4B-00C04F79EFBC}") = "ScriptNgine", "ScriptNgine.csproj", "{0800DA2C-175E-4F3B-B2D7-7828D30E5509}"
EndProject
Global
	GlobalSection(SolutionConfigurationPlatforms) = preSolution
		Debug|Any CPU = Debug|Any CPU
		Release|Any CPU = Release|Any CPU
	EndGlobalSection
	GlobalSection(ProjectConfigurationPlatforms) = postSolution
		{0800DA2C-175E-4F3B-B2D7-7828D30E5509}.Debug|Any CPU.ActiveCfg = Debug|Any CPU
		{0800DA2C-175E-4F3B-B2D7-7828D30E5509}.Debug|Any CPU.Build.0 = Debug|Any CPU
		{0800DA2C-175E-4F3B-B2D7-7828D30E5509}.Release|Any CPU.ActiveCfg = Release|Any CPU
		{0800DA2C-175E-4F3B-B2D7-7828D30E5509}.Release|Any CPU.Build.0 = Release|Any CPU
	EndGlobalSection
	GlobalSection(SolutionProperties) = preSolution
		HideSolutionNode = FALSE
	EndGlobalSection
	GlobalSection(ExtensibilityGlobals) = postSolution
		SolutionGuid = {EC048116-D31C-4B1F-A09B-A8728BF420D0}
	EndGlobalSection
EndGlobal
